
Microsoft Visual Studio Solution File, Format Version 12.00
# Visual Studio Version 16
VisualStudioVersion = 16.0.30711.63
MinimumVisualStudioVersion = 10.0.40219.1
Project("{FAE04EC0-301F-11D3-BF4B-00C04F79EFBC}") = "spectr", "spectr\spectr.csproj", "{C7B220E8-3E8C-47FD-826D-376B087E36FE}"
EndProject
Global
	GlobalSection(SolutionConfigurationPlatforms) = preSolution
		Debug|Any CPU = Debug|Any CPU
		Release|Any CPU = Release|Any CPU
	EndGlobalSection
	GlobalSection(ProjectConfigurationPlatforms) = postSolution
		{C7B220E8-3E8C-47FD-826D-376B087E36FE}.Debug|Any CPU.ActiveCfg = Debug|Any CPU
		{C7B220E8-3E8C-47FD-826D-376B087E36FE}.Debug|Any CPU.Build.0 = Debug|Any CPU
		{C7B220E8-3E8C-47FD-826D-376B087E36FE}.Release|Any CPU.ActiveCfg = Release|Any CPU
		{C7B220E8-3E8C-47FD-826D-376B087E36FE}.Release|Any CPU.Build.0 = Release|Any CPU
	EndGlobalSection
	GlobalSection(SolutionProperties) = preSolution
		HideSolutionNode = FALSE
	EndGlobalSection
	GlobalSection(ExtensibilityGlobals) = postSolution
		SolutionGuid = {BD3A8020-C8FD-47C6-96A2-9D5C7F4E2EC7}
	EndGlobalSection
EndGlobal
